{
  "lockfile_version": "1",
  "packages": {
    "imagemagick@latest": {
      "last_modified": "2024-11-16T04:25:12Z",
      "resolved": "github:NixOS/nixpkgs/34a626458d686f1b58139620a8b2793e9e123bba#imagemagick",
      "source": "devbox-search",
      "version": "7.1.1-40",
      "systems": {
        "aarch64-darwin": {
          "outputs": [
            {
              "name": "out",
              "path": "/nix/store/9bjcb5bv73wpimd59f4wkfpv2ykkygdf-imagemagick-7.1.1-40",
              "default": true
            },
            {
              "name": "dev",
              "path": "/nix/store/h2sa7brbdl1rj14fi9aqv4bjs8iyxjd2-imagemagick-7.1.1-40-dev"
            },
            {
              "name": "doc",
              "path": "/nix/store/j5ckhrp4xqgkiydy4kf62s33qb32xclz-imagemagick-7.1.1-40-doc"
            }
          ],
          "store_path": "/nix/store/9bjcb5bv73wpimd59f4wkfpv2ykkygdf-imagemagick-7.1.1-40"
        },
        "aarch64-linux": {
          "outputs": [
            {
              "name": "out",
              "path": "/nix/store/0w7kf0j5hclslzb52z4qfn8hn2rjlhn4-imagemagick-7.1.1-40",
              "default": true
            },
            {
              "name": "dev",
              "path": "/nix/store/0p0808k0m1xlhlmp5sp9m8977mj9n9j8-imagemagick-7.1.1-40-dev"
            },
            {
              "name": "doc",
              "path": "/nix/store/595c3bi6ingv0xkvphlql2yjq92nlw6v-imagemagick-7.1.1-40-doc"
            }
          ],
          "store_path": "/nix/store/0w7kf0j5hclslzb52z4qfn8hn2rjlhn4-imagemagick-7.1.1-40"
        },
        "x86_64-darwin": {
          "outputs": [
            {
              "name": "out",
              "path": "/nix/store/qm1dql1adnqmqcs1bkddclzf7kp1lbq9-imagemagick-7.1.1-40",
              "default": true
            },
            {
              "name": "dev",
              "path": "/nix/store/2drj5im1kr81ww88nw2h4jvjgdjppiqy-imagemagick-7.1.1-40-dev"
            },
            {
              "name": "doc",
              "path": "/nix/store/i08iqcdzzil953jbhiykv041w2xr5brw-imagemagick-7.1.1-40-doc"
            }
          ],
          "store_path": "/nix/store/qm1dql1adnqmqcs1bkddclzf7kp1lbq9-imagemagick-7.1.1-40"
        },
        "x86_64-linux": {
          "outputs": [
            {
              "name": "out",
              "path": "/nix/store/ym0d0c1hpxinxvr2qrfg1d1b9wnz6i71-imagemagick-7.1.1-40",
              "default": true
            },
            {
              "name": "dev",
              "path": "/nix/store/s5vd4n17gcy33jrvridvnqw6ijvmbac0-imagemagick-7.1.1-40-dev"
            },
            {
              "name": "doc",
              "path": "/nix/store/4ivgxlvw1fkn06s36gdi8xdwwdc0qr27-imagemagick-7.1.1-40-doc"
            }
          ],
          "store_path": "/nix/store/ym0d0c1hpxinxvr2qrfg1d1b9wnz6i71-imagemagick-7.1.1-40"
        }
      }
    },
    "just@latest": {
      "last_modified": "2024-11-26T10:33:56Z",
      "resolved": "github:NixOS/nixpkgs/af51545ec9a44eadf3fe3547610a5cdd882bc34e#just",
      "source": "devbox-search",
      "version": "1.37.0",
      "systems": {
        "aarch64-darwin": {
          "outputs": [
            {
              "name": "out",
              "path": "/nix/store/93577ik15jaqhyx7z6vzl7m1k72125gw-just-1.37.0",
              "default": true
            },
            {
              "name": "man",
              "path": "/nix/store/bsg17adi536hg7r4b1ay6rsjz4alvsvl-just-1.37.0-man",
              "default": true
            },
            {
              "name": "doc",
              "path": "/nix/store/fabq9ff8vwnw4wxx9bmn9sin7834c0gr-just-1.37.0-doc"
            }
          ],
          "store_path": "/nix/store/93577ik15jaqhyx7z6vzl7m1k72125gw-just-1.37.0"
        },
        "aarch64-linux": {
          "outputs": [
            {
              "name": "out",
              "path": "/nix/store/5g4cka9np637k8c41cw4bgylmjlxcy8g-just-1.37.0",
              "default": true
            },
            {
              "name": "man",
              "path": "/nix/store/v2d7gl2qn24dyrvgkl3n0dyr88074jsn-just-1.37.0-man",
              "default": true
            },
            {
              "name": "doc",
              "path": "/nix/store/lpq5hwlzkyll2xx7hkq7p6w5sl3jzvhx-just-1.37.0-doc"
            }
          ],
          "store_path": "/nix/store/5g4cka9np637k8c41cw4bgylmjlxcy8g-just-1.37.0"
        },
        "x86_64-darwin": {
          "outputs": [
            {
              "name": "out",
              "path": "/nix/store/jn318ja6ih6k7z10wibnrghqlwqrh0f2-just-1.37.0",
              "default": true
            },
            {
              "name": "man",
              "path": "/nix/store/zdra48ii06c54fa2zwdkxh2ajvdm1518-just-1.37.0-man",
              "default": true
            },
            {
              "name": "doc",
              "path": "/nix/store/is8nccwfc91y3lj8mhhaff2rc7myl9mv-just-1.37.0-doc"
            }
          ],
          "store_path": "/nix/store/jn318ja6ih6k7z10wibnrghqlwqrh0f2-just-1.37.0"
        },
        "x86_64-linux": {
          "outputs": [
            {
              "name": "out",
              "path": "/nix/store/b90xb8ab9mylg2z0jakr29ggpl4fa2kz-just-1.37.0",
              "default": true
            },
            {
              "name": "man",
              "path": "/nix/store/5j3yrr122g47kiz8qrhsz3826q280ghq-just-1.37.0-man",
              "default": true
            },
            {
              "name": "doc",
              "path": "/nix/store/5sx1vv6b1yk3nz4c33cywiccix94i9bz-just-1.37.0-doc"
            }
          ],
          "store_path": "/nix/store/b90xb8ab9mylg2z0jakr29ggpl4fa2kz-just-1.37.0"
        }
      }
    },
    "ruby_3_3": {
      "plugin_version": "0.0.2",
      "resolved": "github:NixOS/nixpkgs/75a52265bda7fd25e06e3a67dee3f0354e73243c#ruby_3_3",
      "source": "nixpkg"
    },
    "watchexec@latest": {
      "last_modified": "2024-11-16T04:25:12Z",
      "resolved": "github:NixOS/nixpkgs/34a626458d686f1b58139620a8b2793e9e123bba#watchexec",
      "source": "devbox-search",
      "version": "2.2.0",
      "systems": {
        "aarch64-darwin": {
          "outputs": [
            {
              "name": "out",
              "path": "/nix/store/7ky02jx15zvw94bn60slkpr9db76v6k8-watchexec-2.2.0",
              "default": true
            }
          ],
          "store_path": "/nix/store/7ky02jx15zvw94bn60slkpr9db76v6k8-watchexec-2.2.0"
        },
        "aarch64-linux": {
          "outputs": [
            {
              "name": "out",
              "path": "/nix/store/z17jl0z2386rfj8lybpjmb474w91w96i-watchexec-2.2.0",
              "default": true
            }
          ],
          "store_path": "/nix/store/z17jl0z2386rfj8lybpjmb474w91w96i-watchexec-2.2.0"
        },
        "x86_64-darwin": {
          "outputs": [
            {
              "name": "out",
              "path": "/nix/store/9qgwjcx9f939k2vxkddwlddgrpf7r86s-watchexec-2.2.0",
              "default": true
            }
          ],
          "store_path": "/nix/store/9qgwjcx9f939k2vxkddwlddgrpf7r86s-watchexec-2.2.0"
        },
        "x86_64-linux": {
          "outputs": [
            {
              "name": "out",
              "path": "/nix/store/g8v4p1dnw9w164fy9is845ji86y9dm62-watchexec-2.2.0",
              "default": true
            }
          ],
          "store_path": "/nix/store/g8v4p1dnw9w164fy9is845ji86y9dm62-watchexec-2.2.0"
        }
      }
    }
  }
}
